{
    "_readme": [
        "This file locks the dependencies of your project to a known state",
        "Read more about it at https://getcomposer.org/doc/01-basic-usage.md#installing-dependencies",
        "This file is @generated automatically"
    ],
    "content-hash": "17de468f46306ade3a28ea611db6a1a5",
    "packages": [
        {
            "name": "composer/semver",
            "version": "3.4.4",
            "source": {
                "type": "git",
                "url": "https://github.com/composer/semver.git",
                "reference": "198166618906cb2de69b95d7d47e5fa8aa1b2b95"
            },
            "dist": {
                "type": "zip",
                "url": "https://api.github.com/repos/composer/semver/zipball/198166618906cb2de69b95d7d47e5fa8aa1b2b95",
                "reference": "198166618906cb2de69b95d7d47e5fa8aa1b2b95",
                "shasum": ""
            },
            "require": {
                "php": "^5.3.2 || ^7.0 || ^8.0"
            },
            "require-dev": {
                "phpstan/phpstan": "^1.11",
                "symfony/phpunit-bridge": "^3 || ^7"
            },
            "type": "library",
            "extra": {
                "branch-alias": {
                    "dev-main": "3.x-dev"
                }
            },
            "autoload": {
                "psr-4": {
                    "Composer\\Semver\\": "src"
                }
            },
            "notification-url": "https://packagist.org/downloads/",
            "license": [
                "MIT"
            ],
            "authors": [
                {
                    "name": "Nils Adermann",
                    "email": "naderman@naderman.de",
                    "homepage": "http://www.naderman.de"
                },
                {
                    "name": "Jordi Boggiano",
                    "email": "j.boggiano@seld.be",
                    "homepage": "http://seld.be"
                },
                {
                    "name": "Rob Bast",
                    "email": "rob.bast@gmail.com",
                    "homepage": "http://robbast.nl"
                }
            ],
            "description": "Semver library that offers utilities, version constraint parsing and validation.",
            "keywords": [
                "semantic",
                "semver",
                "validation",
                "versioning"
            ],
            "support": {
                "irc": "ircs://irc.libera.chat:6697/composer",
                "issues": "https://github.com/composer/semver/issues",
                "source": "https://github.com/composer/semver/tree/3.4.4"
            },
            "funding": [
                {
                    "url": "https://packagist.com",
                    "type": "custom"
                },
                {
                    "url": "https://github.com/composer",
                    "type": "github"
                }
            ],
            "time": "2025-08-20T19:15:30+00:00"
        },
        {
            "name": "iggyvolz/simple-attribute-reflection",
            "version": "v1.0",
            "source": {
                "type": "git",
                "url": "https://github.com/iggyvolz/SimpleAttributeReflection.git",
                "reference": "c098f2f50c33f96b1a828a0c5c6b2e4df1273c10"
            },
            "dist": {
                "type": "zip",
                "url": "https://api.github.com/repos/iggyvolz/SimpleAttributeReflection/zipball/c098f2f50c33f96b1a828a0c5c6b2e4df1273c10",
                "reference": "c098f2f50c33f96b1a828a0c5c6b2e4df1273c10",
                "shasum": ""
            },
            "require": {
                "php": "^8.0"
            },
            "require-dev": {
                "vimeo/psalm": "^4.8"
            },
            "type": "library",
            "autoload": {
                "psr-4": {
                    "Iggyvolz\\SimpleAttributeReflection\\": "src/"
                }
            },
            "notification-url": "https://packagist.org/downloads/",
            "license": [
                "0BSD"
            ],
            "authors": [
                {
                    "name": "Katie Volz",
                    "email": "iggyvolz@gmail.com"
                }
            ],
            "description": "Simpler reflection for attributes",
            "support": {
                "issues": "https://github.com/iggyvolz/SimpleAttributeReflection/issues",
                "source": "https://github.com/iggyvolz/SimpleAttributeReflection/tree/v1.0"
            },
            "time": "2021-07-08T15:26:12+00:00"
        }
    ],
    "packages-dev": [
        {
            "name": "kcs/class-finder",
            "version": "0.6.1",
            "source": {
                "type": "git",
                "url": "https://github.com/alekitto/class-finder.git",
                "reference": "10eeab592e81c34c8230163cd9cef837ad857aee"
            },
            "dist": {
                "type": "zip",
                "url": "https://api.github.com/repos/alekitto/class-finder/zipball/10eeab592e81c34c8230163cd9cef837ad857aee",
                "reference": "10eeab592e81c34c8230163cd9cef837ad857aee",
                "shasum": ""
            },
            "require": {
                "php": "^8.1",
                "thecodingmachine/safe": "^1.0 || ^2.0 || ^3.0"
            },
            "require-dev": {
                "doctrine/annotations": "^1.0",
                "nikic/php-parser": "^4.0 || ^5.0",
                "phpbench/phpbench": "^1.2",
                "phpdocumentor/reflection": "^4.0 || ^5.0 || ^6.0",
                "phpunit/phpunit": "^10.5",
                "roave/better-reflection": "^6.0",
                "roave/security-advisories": "dev-master",
                "solido/php-coding-standards": "dev-master",
                "symfony/cache": "^5.0 || ^6.0 || ^7.0",
                "symfony/error-handler": "^5.0 || ^6.0 || ^7.0"
            },
            "type": "library",
            "extra": {
                "branch-alias": {
                    "dev-master": "0.6.x-dev"
                }
            },
            "autoload": {
                "psr-4": {
                    "Kcs\\ClassFinder\\": "lib/"
                }
            },
            "notification-url": "https://packagist.org/downloads/",
            "license": [
                "MIT"
            ],
            "authors": [
                {
                    "name": "Alessandro Chitolina",
                    "email": "alekitto@gmail.com"
                }
            ],
            "description": "Utility classes to help discover other classes/namespaces",
            "support": {
                "issues": "https://github.com/alekitto/class-finder/issues",
                "source": "https://github.com/alekitto/class-finder/tree/0.6.1"
            },
            "funding": [
                {
                    "url": "https://github.com/alekitto",
                    "type": "github"
                }
            ],
            "time": "2025-02-20T18:56:28+00:00"
        },
        {
            "name": "thecodingmachine/safe",
            "version": "v3.4.0",
            "source": {
                "type": "git",
                "url": "https://github.com/thecodingmachine/safe.git",
                "reference": "705683a25bacf0d4860c7dea4d7947bfd09eea19"
            },
            "dist": {
                "type": "zip",
                "url": "https://api.github.com/repos/thecodingmachine/safe/zipball/705683a25bacf0d4860c7dea4d7947bfd09eea19",
                "reference": "705683a25bacf0d4860c7dea4d7947bfd09eea19",
                "shasum": ""
            },
            "require": {
                "php": "^8.1"
            },
            "require-dev": {
                "php-parallel-lint/php-parallel-lint": "^1.4",
                "phpstan/phpstan": "^2",
                "phpunit/phpunit": "^10",
                "squizlabs/php_codesniffer": "^3.2"
            },
            "type": "library",
            "autoload": {
                "files": [
                    "lib/special_cases.php",
                    "generated/apache.php",
                    "generated/apcu.php",
                    "generated/array.php",
                    "generated/bzip2.php",
                    "generated/calendar.php",
                    "generated/classobj.php",
                    "generated/com.php",
                    "generated/cubrid.php",
                    "generated/curl.php",
                    "generated/datetime.php",
                    "generated/dir.php",
                    "generated/eio.php",
                    "generated/errorfunc.php",
                    "generated/exec.php",
                    "generated/fileinfo.php",
                    "generated/filesystem.php",
                    "generated/filter.php",
                    "generated/fpm.php",
                    "generated/ftp.php",
                    "generated/funchand.php",
                    "generated/gettext.php",
                    "generated/gmp.php",
                    "generated/gnupg.php",
                    "generated/hash.php",
                    "generated/ibase.php",
                    "generated/ibmDb2.php",
                    "generated/iconv.php",
                    "generated/image.php",
                    "generated/imap.php",
                    "generated/info.php",
                    "generated/inotify.php",
                    "generated/json.php",
                    "generated/ldap.php",
                    "generated/libxml.php",
                    "generated/lzf.php",
                    "generated/mailparse.php",
                    "generated/mbstring.php",
                    "generated/misc.php",
                    "generated/mysql.php",
                    "generated/mysqli.php",
                    "generated/network.php",
                    "generated/oci8.php",
                    "generated/opcache.php",
                    "generated/openssl.php",
                    "generated/outcontrol.php",
                    "generated/pcntl.php",
                    "generated/pcre.php",
                    "generated/pgsql.php",
                    "generated/posix.php",
                    "generated/ps.php",
                    "generated/pspell.php",
                    "generated/readline.php",
                    "generated/rnp.php",
                    "generated/rpminfo.php",
                    "generated/rrd.php",
                    "generated/sem.php",
                    "generated/session.php",
                    "generated/shmop.php",
                    "generated/sockets.php",
                    "generated/sodium.php",
                    "generated/solr.php",
                    "generated/spl.php",
                    "generated/sqlsrv.php",
                    "generated/ssdeep.php",
                    "generated/ssh2.php",
                    "generated/stream.php",
                    "generated/strings.php",
                    "generated/swoole.php",
                    "generated/uodbc.php",
                    "generated/uopz.php",
                    "generated/url.php",
                    "generated/var.php",
                    "generated/xdiff.php",
                    "generated/xml.php",
                    "generated/xmlrpc.php",
                    "generated/yaml.php",
                    "generated/yaz.php",
                    "generated/zip.php",
                    "generated/zlib.php"
                ],
                "classmap": [
                    "lib/DateTime.php",
                    "lib/DateTimeImmutable.php",
                    "lib/Exceptions/",
                    "generated/Exceptions/"
                ]
            },
            "notification-url": "https://packagist.org/downloads/",
            "license": [
                "MIT"
            ],
            "description": "PHP core functions that throw exceptions instead of returning FALSE on error",
            "support": {
                "issues": "https://github.com/thecodingmachine/safe/issues",
                "source": "https://github.com/thecodingmachine/safe/tree/v3.4.0"
            },
            "funding": [
                {
                    "url": "https://github.com/OskarStark",
                    "type": "github"
                },
                {
                    "url": "https://github.com/shish",
                    "type": "github"
                },
                {
                    "url": "https://github.com/silasjoisten",
                    "type": "github"
                },
                {
                    "url": "https://github.com/staabm",
                    "type": "github"
                }
            ],
            "time": "2026-02-04T18:08:13+00:00"
        }
    ],
    "aliases": [],
    "minimum-stability": "stable",
    "stability-flags": {},
    "prefer-stable": false,
    "prefer-lowest": false,
    "platform": {
        "php": "^8.5",
        "php-64bit": "*",
        "composer-runtime-api": "^2.2"
    },
    "platform-dev": {},
    "plugin-api-version": "2.9.0"
}
